
Microsoft Visual Studio Solution File, Format Version 12.00
# Visual Studio 15
VisualStudioVersion = 15.0.28307.168
MinimumVisualStudioVersion = 10.0.40219.1
Project("{FAE04EC0-301F-11D3-BF4B-00C04F79EFBC}") = "KnockApi", "KnockApi\KnockApi.csproj", "{6EAF9D48-B42D-4715-9E16-F1DD21B83AFF}"
EndProject
Global
	GlobalSection(SolutionConfigurationPlatforms) = preSolution
		Debug|Any CPU = Debug|Any CPU
		Release|Any CPU = Release|Any CPU
	EndGlobalSection
	GlobalSection(ProjectConfigurationPlatforms) = postSolution
		{6EAF9D48-B42D-4715-9E16-F1DD21B83AFF}.Debug|Any CPU.ActiveCfg = Debug|Any CPU
		{6EAF9D48-B42D-4715-9E16-F1DD21B83AFF}.Debug|Any CPU.Build.0 = Debug|Any CPU
		{6EAF9D48-B42D-4715-9E16-F1DD21B83AFF}.Release|Any CPU.ActiveCfg = Release|Any CPU
		{6EAF9D48-B42D-4715-9E16-F1DD21B83AFF}.Release|Any CPU.Build.0 = Release|Any CPU
	EndGlobalSection
	GlobalSection(SolutionProperties) = preSolution
		HideSolutionNode = FALSE
	EndGlobalSection
	GlobalSection(ExtensibilityGlobals) = postSolution
		SolutionGuid = {6E8A67D0-C07D-423F-BA8B-160ED2F9211F}
	EndGlobalSection
EndGlobal
